
Microsoft Visual Studio Solution File, Format Version 12.00
# Visual Studio Version 17
VisualStudioVersion = 17.2.32602.215
MinimumVisualStudioVersion = 10.0.40219.1
Project("{FAE04EC0-301F-11D3-BF4B-00C04F79EFBC}") = "CalcularValores", "CalcularValores\CalcularValores.csproj", "{120ABD85-BA14-439A-B915-8351169CA949}"
EndProject
Global
	GlobalSection(SolutionConfigurationPlatforms) = preSolution
		Debug|Any CPU = Debug|Any CPU
		Release|Any CPU = Release|Any CPU
	EndGlobalSection
	GlobalSection(ProjectConfigurationPlatforms) = postSolution
		{120ABD85-BA14-439A-B915-8351169CA949}.Debug|Any CPU.ActiveCfg = Debug|Any CPU
		{120ABD85-BA14-439A-B915-8351169CA949}.Debug|Any CPU.Build.0 = Debug|Any CPU
		{120ABD85-BA14-439A-B915-8351169CA949}.Release|Any CPU.ActiveCfg = Release|Any CPU
		{120ABD85-BA14-439A-B915-8351169CA949}.Release|Any CPU.Build.0 = Release|Any CPU
	EndGlobalSection
	GlobalSection(SolutionProperties) = preSolution
		HideSolutionNode = FALSE
	EndGlobalSection
	GlobalSection(ExtensibilityGlobals) = postSolution
		SolutionGuid = {3410C90F-508A-487E-AC1D-AA1230C9A861}
	EndGlobalSection
EndGlobal
